// !$*UTF8*$!
{
	archiveVersion = 1;
	classes = {
	};
	objectVersion = 46;
	objects = {

/* Begin PBXBuildFile section */
		021402ABB4D6B070D11FFB75 /* Pods_ZYRouter_Example.framework in Frameworks */ = {isa = PBXBuildFile; fileRef = D069B3D0B3C65D113ECBF34D /* Pods_ZYRouter_Example.framework */; };
		18012B0B2DF02B07001FCED6 /* Router.json in Resources */ = {isa = PBXBuildFile; fileRef = 18012B0A2DF02B07001FCED6 /* Router.json */; };
		18012B272DF02F97001FCED6 /* DiscoveryViewController.m in Sources */ = {isa = PBXBuildFile; fileRef = 18012B192DF02F97001FCED6 /* DiscoveryViewController.m */; };
		18012B282DF02F97001FCED6 /* InterceptorNavigationController.m in Sources */ = {isa = PBXBuildFile; fileRef = 18012B0F2DF02F97001FCED6 /* InterceptorNavigationController.m */; };
		18012B292DF02F97001FCED6 /* DetailViewController.m in Sources */ = {isa = PBXBuildFile; fileRef = 18012B212DF02F97001FCED6 /* DetailViewController.m */; };
		18012B2A2DF02F97001FCED6 /* HomeViewController.m in Sources */ = {isa = PBXBuildFile; fileRef = 18012B132DF02F97001FCED6 /* HomeViewController.m */; };
		18012B2B2DF02F97001FCED6 /* ProductListBViewController.m in Sources */ = {isa = PBXBuildFile; fileRef = 18012B1F2DF02F97001FCED6 /* ProductListBViewController.m */; };
		18012B2C2DF02F97001FCED6 /* TableViewCell.m in Sources */ = {isa = PBXBuildFile; fileRef = 18012B262DF02F97001FCED6 /* TableViewCell.m */; };
		18012B2D2DF02F97001FCED6 /* OrdersViewController.m in Sources */ = {isa = PBXBuildFile; fileRef = 18012B172DF02F97001FCED6 /* OrdersViewController.m */; };
		18012B2E2DF02F97001FCED6 /* InterceptorManageViewController.m in Sources */ = {isa = PBXBuildFile; fileRef = 18012B112DF02F97001FCED6 /* InterceptorManageViewController.m */; };
		18012B2F2DF02F97001FCED6 /* ProductListAViewController.m in Sources */ = {isa = PBXBuildFile; fileRef = 18012B1D2DF02F97001FCED6 /* ProductListAViewController.m */; };
		18012B302DF02F97001FCED6 /* NearbyViewController.m in Sources */ = {isa = PBXBuildFile; fileRef = 18012B152DF02F97001FCED6 /* NearbyViewController.m */; };
		18012B312DF02F97001FCED6 /* BuyViewController.m in Sources */ = {isa = PBXBuildFile; fileRef = 18012B232DF02F97001FCED6 /* BuyViewController.m */; };
		18012B322DF02F97001FCED6 /* MineViewController.m in Sources */ = {isa = PBXBuildFile; fileRef = 18012B1B2DF02F97001FCED6 /* MineViewController.m */; };
		18012B3A2DF02FCC001FCED6 /* TabBarController.m in Sources */ = {isa = PBXBuildFile; fileRef = 18012B372DF02FCC001FCED6 /* TabBarController.m */; };
		18012B3B2DF02FCC001FCED6 /* NavigationController.m in Sources */ = {isa = PBXBuildFile; fileRef = 18012B352DF02FCC001FCED6 /* NavigationController.m */; };
		18012B3C2DF02FCC001FCED6 /* BaseViewController.m in Sources */ = {isa = PBXBuildFile; fileRef = 18012B392DF02FCC001FCED6 /* BaseViewController.m */; };
		18012B402DF03002001FCED6 /* Page404ViewController.m in Sources */ = {isa = PBXBuildFile; fileRef = 18012B3F2DF03002001FCED6 /* Page404ViewController.m */; };
		18012B562DF03049001FCED6 /* InterceptorCViewController.m in Sources */ = {isa = PBXBuildFile; fileRef = 18012B4F2DF03049001FCED6 /* InterceptorCViewController.m */; };
		18012B572DF03049001FCED6 /* LoginInterceptor.m in Sources */ = {isa = PBXBuildFile; fileRef = 18012B532DF03049001FCED6 /* LoginInterceptor.m */; };
		18012B582DF03049001FCED6 /* InterceptorBViewController.m in Sources */ = {isa = PBXBuildFile; fileRef = 18012B492DF03049001FCED6 /* InterceptorBViewController.m */; };
		18012B592DF03049001FCED6 /* InterceptorA.m in Sources */ = {isa = PBXBuildFile; fileRef = 18012B432DF03049001FCED6 /* InterceptorA.m */; };
		18012B5A2DF03049001FCED6 /* InterceptorC.m in Sources */ = {isa = PBXBuildFile; fileRef = 18012B4B2DF03049001FCED6 /* InterceptorC.m */; };
		18012B5B2DF03049001FCED6 /* InterceptorB.m in Sources */ = {isa = PBXBuildFile; fileRef = 18012B472DF03049001FCED6 /* InterceptorB.m */; };
		18012B5C2DF03049001FCED6 /* InterceptorC2ViewController.m in Sources */ = {isa = PBXBuildFile; fileRef = 18012B4D2DF03049001FCED6 /* InterceptorC2ViewController.m */; };
		18012B5D2DF03049001FCED6 /* User.m in Sources */ = {isa = PBXBuildFile; fileRef = 18012B512DF03049001FCED6 /* User.m */; };
		18012B5E2DF03049001FCED6 /* LoginViewController.m in Sources */ = {isa = PBXBuildFile; fileRef = 18012B552DF03049001FCED6 /* LoginViewController.m */; };
		18012B5F2DF03049001FCED6 /* InterceptorAViewController.m in Sources */ = {isa = PBXBuildFile; fileRef = 18012B452DF03049001FCED6 /* InterceptorAViewController.m */; };
		18012B652DF03068001FCED6 /* PushViewController.m in Sources */ = {isa = PBXBuildFile; fileRef = 18012B642DF03068001FCED6 /* PushViewController.m */; };
		18012B662DF03068001FCED6 /* PresentViewController.m in Sources */ = {isa = PBXBuildFile; fileRef = 18012B622DF03068001FCED6 /* PresentViewController.m */; };
		18012B6A2DF0307D001FCED6 /* TabBarControllerTask.m in Sources */ = {isa = PBXBuildFile; fileRef = 18012B692DF0307D001FCED6 /* TabBarControllerTask.m */; };
		6003F58E195388D20070C39A /* Foundation.framework in Frameworks */ = {isa = PBXBuildFile; fileRef = 6003F58D195388D20070C39A /* Foundation.framework */; };
		6003F590195388D20070C39A /* CoreGraphics.framework in Frameworks */ = {isa = PBXBuildFile; fileRef = 6003F58F195388D20070C39A /* CoreGraphics.framework */; };
		6003F592195388D20070C39A /* UIKit.framework in Frameworks */ = {isa = PBXBuildFile; fileRef = 6003F591195388D20070C39A /* UIKit.framework */; };
		6003F598195388D20070C39A /* InfoPlist.strings in Resources */ = {isa = PBXBuildFile; fileRef = 6003F596195388D20070C39A /* InfoPlist.strings */; };
		6003F59A195388D20070C39A /* main.m in Sources */ = {isa = PBXBuildFile; fileRef = 6003F599195388D20070C39A /* main.m */; };
		6003F59E195388D20070C39A /* ZYAppDelegate.m in Sources */ = {isa = PBXBuildFile; fileRef = 6003F59D195388D20070C39A /* ZYAppDelegate.m */; };
		6003F5A7195388D20070C39A /* ZYViewController.m in Sources */ = {isa = PBXBuildFile; fileRef = 6003F5A6195388D20070C39A /* ZYViewController.m */; };
		6003F5A9195388D20070C39A /* Images.xcassets in Resources */ = {isa = PBXBuildFile; fileRef = 6003F5A8195388D20070C39A /* Images.xcassets */; };
		6003F5B0195388D20070C39A /* XCTest.framework in Frameworks */ = {isa = PBXBuildFile; fileRef = 6003F5AF195388D20070C39A /* XCTest.framework */; };
		6003F5B1195388D20070C39A /* Foundation.framework in Frameworks */ = {isa = PBXBuildFile; fileRef = 6003F58D195388D20070C39A /* Foundation.framework */; };
		6003F5B2195388D20070C39A /* UIKit.framework in Frameworks */ = {isa = PBXBuildFile; fileRef = 6003F591195388D20070C39A /* UIKit.framework */; };
		6003F5BA195388D20070C39A /* InfoPlist.strings in Resources */ = {isa = PBXBuildFile; fileRef = 6003F5B8195388D20070C39A /* InfoPlist.strings */; };
		6003F5BC195388D20070C39A /* Tests.m in Sources */ = {isa = PBXBuildFile; fileRef = 6003F5BB195388D20070C39A /* Tests.m */; };
		60B427F939AD80AD738EC396 /* Pods_ZYRouter_Tests.framework in Frameworks */ = {isa = PBXBuildFile; fileRef = 04BE5F10AB5B80E7EE846A7E /* Pods_ZYRouter_Tests.framework */; };
		71719F9F1E33DC2100824A3D /* LaunchScreen.storyboard in Resources */ = {isa = PBXBuildFile; fileRef = 71719F9D1E33DC2100824A3D /* LaunchScreen.storyboard */; };
		873B8AEB1B1F5CCA007FD442 /* Main.storyboard in Resources */ = {isa = PBXBuildFile; fileRef = 873B8AEA1B1F5CCA007FD442 /* Main.storyboard */; };
/* End PBXBuildFile section */

/* Begin PBXContainerItemProxy section */
		6003F5B3195388D20070C39A /* PBXContainerItemProxy */ = {
			isa = PBXContainerItemProxy;
			containerPortal = 6003F582195388D10070C39A /* Project object */;
			proxyType = 1;
			remoteGlobalIDString = 6003F589195388D20070C39A;
			remoteInfo = ZYRouter;
		};
/* End PBXContainerItemProxy section */

/* Begin PBXFileReference section */
		04BE5F10AB5B80E7EE846A7E /* Pods_ZYRouter_Tests.framework */ = {isa = PBXFileReference; explicitFileType = wrapper.framework; includeInIndex = 0; path = Pods_ZYRouter_Tests.framework; sourceTree = BUILT_PRODUCTS_DIR; };
		0994735E6A4B784A0189042A /* Pods-ZYRouter_Tests.debug.xcconfig */ = {isa = PBXFileReference; includeInIndex = 1; lastKnownFileType = text.xcconfig; name = "Pods-ZYRouter_Tests.debug.xcconfig"; path = "Target Support Files/Pods-ZYRouter_Tests/Pods-ZYRouter_Tests.debug.xcconfig"; sourceTree = "<group>"; };
		18012B0A2DF02B07001FCED6 /* Router.json */ = {isa = PBXFileReference; lastKnownFileType = text.json; path = Router.json; sourceTree = "<group>"; };
		18012B0E2DF02F97001FCED6 /* InterceptorNavigationController.h */ = {isa = PBXFileReference; lastKnownFileType = sourcecode.c.h; path = InterceptorNavigationController.h; sourceTree = "<group>"; };
		18012B0F2DF02F97001FCED6 /* InterceptorNavigationController.m */ = {isa = PBXFileReference; lastKnownFileType = sourcecode.c.objc; path = InterceptorNavigationController.m; sourceTree = "<group>"; };
		18012B102DF02F97001FCED6 /* InterceptorManageViewController.h */ = {isa = PBXFileReference; lastKnownFileType = sourcecode.c.h; path = InterceptorManageViewController.h; sourceTree = "<group>"; };
		18012B112DF02F97001FCED6 /* InterceptorManageViewController.m */ = {isa = PBXFileReference; lastKnownFileType = sourcecode.c.objc; path = InterceptorManageViewController.m; sourceTree = "<group>"; };
		18012B122DF02F97001FCED6 /* HomeViewController.h */ = {isa = PBXFileReference; lastKnownFileType = sourcecode.c.h; path = HomeViewController.h; sourceTree = "<group>"; };
		18012B132DF02F97001FCED6 /* HomeViewController.m */ = {isa = PBXFileReference; lastKnownFileType = sourcecode.c.objc; path = HomeViewController.m; sourceTree = "<group>"; };
		18012B142DF02F97001FCED6 /* NearbyViewController.h */ = {isa = PBXFileReference; lastKnownFileType = sourcecode.c.h; path = NearbyViewController.h; sourceTree = "<group>"; };
		18012B152DF02F97001FCED6 /* NearbyViewController.m */ = {isa = PBXFileReference; lastKnownFileType = sourcecode.c.objc; path = NearbyViewController.m; sourceTree = "<group>"; };
		18012B162DF02F97001FCED6 /* OrdersViewController.h */ = {isa = PBXFileReference; lastKnownFileType = sourcecode.c.h; path = OrdersViewController.h; sourceTree = "<group>"; };
		18012B172DF02F97001FCED6 /* OrdersViewController.m */ = {isa = PBXFileReference; lastKnownFileType = sourcecode.c.objc; path = OrdersViewController.m; sourceTree = "<group>"; };
		18012B182DF02F97001FCED6 /* DiscoveryViewController.h */ = {isa = PBXFileReference; lastKnownFileType = sourcecode.c.h; path = DiscoveryViewController.h; sourceTree = "<group>"; };
		18012B192DF02F97001FCED6 /* DiscoveryViewController.m */ = {isa = PBXFileReference; lastKnownFileType = sourcecode.c.objc; path = DiscoveryViewController.m; sourceTree = "<group>"; };
		18012B1A2DF02F97001FCED6 /* MineViewController.h */ = {isa = PBXFileReference; lastKnownFileType = sourcecode.c.h; path = MineViewController.h; sourceTree = "<group>"; };
		18012B1B2DF02F97001FCED6 /* MineViewController.m */ = {isa = PBXFileReference; lastKnownFileType = sourcecode.c.objc; path = MineViewController.m; sourceTree = "<group>"; };
		18012B1C2DF02F97001FCED6 /* ProductListAViewController.h */ = {isa = PBXFileReference; lastKnownFileType = sourcecode.c.h; path = ProductListAViewController.h; sourceTree = "<group>"; };
		18012B1D2DF02F97001FCED6 /* ProductListAViewController.m */ = {isa = PBXFileReference; lastKnownFileType = sourcecode.c.objc; path = ProductListAViewController.m; sourceTree = "<group>"; };
		18012B1E2DF02F97001FCED6 /* ProductListBViewController.h */ = {isa = PBXFileReference; lastKnownFileType = sourcecode.c.h; path = ProductListBViewController.h; sourceTree = "<group>"; };
		18012B1F2DF02F97001FCED6 /* ProductListBViewController.m */ = {isa = PBXFileReference; lastKnownFileType = sourcecode.c.objc; path = ProductListBViewController.m; sourceTree = "<group>"; };
		18012B202DF02F97001FCED6 /* DetailViewController.h */ = {isa = PBXFileReference; lastKnownFileType = sourcecode.c.h; path = DetailViewController.h; sourceTree = "<group>"; };
		18012B212DF02F97001FCED6 /* DetailViewController.m */ = {isa = PBXFileReference; lastKnownFileType = sourcecode.c.objc; path = DetailViewController.m; sourceTree = "<group>"; };
		18012B222DF02F97001FCED6 /* BuyViewController.h */ = {isa = PBXFileReference; lastKnownFileType = sourcecode.c.h; path = BuyViewController.h; sourceTree = "<group>"; };
		18012B232DF02F97001FCED6 /* BuyViewController.m */ = {isa = PBXFileReference; lastKnownFileType = sourcecode.c.objc; path = BuyViewController.m; sourceTree = "<group>"; };
		18012B252DF02F97001FCED6 /* TableViewCell.h */ = {isa = PBXFileReference; lastKnownFileType = sourcecode.c.h; path = TableViewCell.h; sourceTree = "<group>"; };
		18012B262DF02F97001FCED6 /* TableViewCell.m */ = {isa = PBXFileReference; lastKnownFileType = sourcecode.c.objc; path = TableViewCell.m; sourceTree = "<group>"; };
		18012B342DF02FCC001FCED6 /* NavigationController.h */ = {isa = PBXFileReference; lastKnownFileType = sourcecode.c.h; path = NavigationController.h; sourceTree = "<group>"; };
		18012B352DF02FCC001FCED6 /* NavigationController.m */ = {isa = PBXFileReference; lastKnownFileType = sourcecode.c.objc; path = NavigationController.m; sourceTree = "<group>"; };
		18012B362DF02FCC001FCED6 /* TabBarController.h */ = {isa = PBXFileReference; lastKnownFileType = sourcecode.c.h; path = TabBarController.h; sourceTree = "<group>"; };
		18012B372DF02FCC001FCED6 /* TabBarController.m */ = {isa = PBXFileReference; lastKnownFileType = sourcecode.c.objc; path = TabBarController.m; sourceTree = "<group>"; };
		18012B382DF02FCC001FCED6 /* BaseViewController.h */ = {isa = PBXFileReference; lastKnownFileType = sourcecode.c.h; path = BaseViewController.h; sourceTree = "<group>"; };
		18012B392DF02FCC001FCED6 /* BaseViewController.m */ = {isa = PBXFileReference; lastKnownFileType = sourcecode.c.objc; path = BaseViewController.m; sourceTree = "<group>"; };
		18012B3E2DF03002001FCED6 /* Page404ViewController.h */ = {isa = PBXFileReference; lastKnownFileType = sourcecode.c.h; path = Page404ViewController.h; sourceTree = "<group>"; };
		18012B3F2DF03002001FCED6 /* Page404ViewController.m */ = {isa = PBXFileReference; lastKnownFileType = sourcecode.c.objc; path = Page404ViewController.m; sourceTree = "<group>"; };
		18012B422DF03049001FCED6 /* InterceptorA.h */ = {isa = PBXFileReference; lastKnownFileType = sourcecode.c.h; path = InterceptorA.h; sourceTree = "<group>"; };
		18012B432DF03049001FCED6 /* InterceptorA.m */ = {isa = PBXFileReference; lastKnownFileType = sourcecode.c.objc; path = InterceptorA.m; sourceTree = "<group>"; };
		18012B442DF03049001FCED6 /* InterceptorAViewController.h */ = {isa = PBXFileReference; lastKnownFileType = sourcecode.c.h; path = InterceptorAViewController.h; sourceTree = "<group>"; };
		18012B452DF03049001FCED6 /* InterceptorAViewController.m */ = {isa = PBXFileReference; lastKnownFileType = sourcecode.c.objc; path = InterceptorAViewController.m; sourceTree = "<group>"; };
		18012B462DF03049001FCED6 /* InterceptorB.h */ = {isa = PBXFileReference; lastKnownFileType = sourcecode.c.h; path = InterceptorB.h; sourceTree = "<group>"; };
		18012B472DF03049001FCED6 /* InterceptorB.m */ = {isa = PBXFileReference; lastKnownFileType = sourcecode.c.objc; path = InterceptorB.m; sourceTree = "<group>"; };
		18012B482DF03049001FCED6 /* InterceptorBViewController.h */ = {isa = PBXFileReference; lastKnownFileType = sourcecode.c.h; path = InterceptorBViewController.h; sourceTree = "<group>"; };
		18012B492DF03049001FCED6 /* InterceptorBViewController.m */ = {isa = PBXFileReference; lastKnownFileType = sourcecode.c.objc; path = InterceptorBViewController.m; sourceTree = "<group>"; };
		18012B4A2DF03049001FCED6 /* InterceptorC.h */ = {isa = PBXFileReference; lastKnownFileType = sourcecode.c.h; path = InterceptorC.h; sourceTree = "<group>"; };
		18012B4B2DF03049001FCED6 /* InterceptorC.m */ = {isa = PBXFileReference; lastKnownFileType = sourcecode.c.objc; path = InterceptorC.m; sourceTree = "<group>"; };
		18012B4C2DF03049001FCED6 /* InterceptorC2ViewController.h */ = {isa = PBXFileReference; lastKnownFileType = sourcecode.c.h; path = InterceptorC2ViewController.h; sourceTree = "<group>"; };
		18012B4D2DF03049001FCED6 /* InterceptorC2ViewController.m */ = {isa = PBXFileReference; lastKnownFileType = sourcecode.c.objc; path = InterceptorC2ViewController.m; sourceTree = "<group>"; };
		18012B4E2DF03049001FCED6 /* InterceptorCViewController.h */ = {isa = PBXFileReference; lastKnownFileType = sourcecode.c.h; path = InterceptorCViewController.h; sourceTree = "<group>"; };
		18012B4F2DF03049001FCED6 /* InterceptorCViewController.m */ = {isa = PBXFileReference; lastKnownFileType = sourcecode.c.objc; path = InterceptorCViewController.m; sourceTree = "<group>"; };
		18012B502DF03049001FCED6 /* User.h */ = {isa = PBXFileReference; lastKnownFileType = sourcecode.c.h; path = User.h; sourceTree = "<group>"; };
		18012B512DF03049001FCED6 /* User.m */ = {isa = PBXFileReference; lastKnownFileType = sourcecode.c.objc; path = User.m; sourceTree = "<group>"; };
		18012B522DF03049001FCED6 /* LoginInterceptor.h */ = {isa = PBXFileReference; lastKnownFileType = sourcecode.c.h; path = LoginInterceptor.h; sourceTree = "<group>"; };
		18012B532DF03049001FCED6 /* LoginInterceptor.m */ = {isa = PBXFileReference; lastKnownFileType = sourcecode.c.objc; path = LoginInterceptor.m; sourceTree = "<group>"; };
		18012B542DF03049001FCED6 /* LoginViewController.h */ = {isa = PBXFileReference; lastKnownFileType = sourcecode.c.h; path = LoginViewController.h; sourceTree = "<group>"; };
		18012B552DF03049001FCED6 /* LoginViewController.m */ = {isa = PBXFileReference; lastKnownFileType = sourcecode.c.objc; path = LoginViewController.m; sourceTree = "<group>"; };
		18012B612DF03068001FCED6 /* PresentViewController.h */ = {isa = PBXFileReference; lastKnownFileType = sourcecode.c.h; path = PresentViewController.h; sourceTree = "<group>"; };
		18012B622DF03068001FCED6 /* PresentViewController.m */ = {isa = PBXFileReference; lastKnownFileType = sourcecode.c.objc; path = PresentViewController.m; sourceTree = "<group>"; };
		18012B632DF03068001FCED6 /* PushViewController.h */ = {isa = PBXFileReference; lastKnownFileType = sourcecode.c.h; path = PushViewController.h; sourceTree = "<group>"; };
		18012B642DF03068001FCED6 /* PushViewController.m */ = {isa = PBXFileReference; lastKnownFileType = sourcecode.c.objc; path = PushViewController.m; sourceTree = "<group>"; };
		18012B682DF0307D001FCED6 /* TabBarControllerTask.h */ = {isa = PBXFileReference; lastKnownFileType = sourcecode.c.h; path = TabBarControllerTask.h; sourceTree = "<group>"; };
		18012B692DF0307D001FCED6 /* TabBarControllerTask.m */ = {isa = PBXFileReference; lastKnownFileType = sourcecode.c.objc; path = TabBarControllerTask.m; sourceTree = "<group>"; };
		1B45D90058270FBAB0DB4306 /* ZYRouter.podspec */ = {isa = PBXFileReference; includeInIndex = 1; lastKnownFileType = text; name = ZYRouter.podspec; path = ../ZYRouter.podspec; sourceTree = "<group>"; };
		5F705D3C2CE8853D591D205B /* Pods-ZYRouter_Example.debug.xcconfig */ = {isa = PBXFileReference; includeInIndex = 1; lastKnownFileType = text.xcconfig; name = "Pods-ZYRouter_Example.debug.xcconfig"; path = "Target Support Files/Pods-ZYRouter_Example/Pods-ZYRouter_Example.debug.xcconfig"; sourceTree = "<group>"; };
		6003F58A195388D20070C39A /* ZYRouter_Example.app */ = {isa = PBXFileReference; explicitFileType = wrapper.application; includeInIndex = 0; path = ZYRouter_Example.app; sourceTree = BUILT_PRODUCTS_DIR; };
		6003F58D195388D20070C39A /* Foundation.framework */ = {isa = PBXFileReference; lastKnownFileType = wrapper.framework; name = Foundation.framework; path = System/Library/Frameworks/Foundation.framework; sourceTree = SDKROOT; };
		6003F58F195388D20070C39A /* CoreGraphics.framework */ = {isa = PBXFileReference; lastKnownFileType = wrapper.framework; name = CoreGraphics.framework; path = System/Library/Frameworks/CoreGraphics.framework; sourceTree = SDKROOT; };
		6003F591195388D20070C39A /* UIKit.framework */ = {isa = PBXFileReference; lastKnownFileType = wrapper.framework; name = UIKit.framework; path = System/Library/Frameworks/UIKit.framework; sourceTree = SDKROOT; };
		6003F595195388D20070C39A /* ZYRouter-Info.plist */ = {isa = PBXFileReference; lastKnownFileType = text.plist.xml; path = "ZYRouter-Info.plist"; sourceTree = "<group>"; };
		6003F597195388D20070C39A /* en */ = {isa = PBXFileReference; lastKnownFileType = text.plist.strings; name = en; path = en.lproj/InfoPlist.strings; sourceTree = "<group>"; };
		6003F599195388D20070C39A /* main.m */ = {isa = PBXFileReference; lastKnownFileType = sourcecode.c.objc; path = main.m; sourceTree = "<group>"; };
		6003F59B195388D20070C39A /* ZYRouter-Prefix.pch */ = {isa = PBXFileReference; lastKnownFileType = sourcecode.c.h; path = "ZYRouter-Prefix.pch"; sourceTree = "<group>"; };
		6003F59C195388D20070C39A /* ZYAppDelegate.h */ = {isa = PBXFileReference; lastKnownFileType = sourcecode.c.h; path = ZYAppDelegate.h; sourceTree = "<group>"; };
		6003F59D195388D20070C39A /* ZYAppDelegate.m */ = {isa = PBXFileReference; lastKnownFileType = sourcecode.c.objc; path = ZYAppDelegate.m; sourceTree = "<group>"; };
		6003F5A5195388D20070C39A /* ZYViewController.h */ = {isa = PBXFileReference; lastKnownFileType = sourcecode.c.h; path = ZYViewController.h; sourceTree = "<group>"; };
		6003F5A6195388D20070C39A /* ZYViewController.m */ = {isa = PBXFileReference; lastKnownFileType = sourcecode.c.objc; path = ZYViewController.m; sourceTree = "<group>"; };
		6003F5A8195388D20070C39A /* Images.xcassets */ = {isa = PBXFileReference; lastKnownFileType = folder.assetcatalog; path = Images.xcassets; sourceTree = "<group>"; };
		6003F5AE195388D20070C39A /* ZYRouter_Tests.xctest */ = {isa = PBXFileReference; explicitFileType = wrapper.cfbundle; includeInIndex = 0; path = ZYRouter_Tests.xctest; sourceTree = BUILT_PRODUCTS_DIR; };
		6003F5AF195388D20070C39A /* XCTest.framework */ = {isa = PBXFileReference; lastKnownFileType = wrapper.framework; name = XCTest.framework; path = Library/Frameworks/XCTest.framework; sourceTree = DEVELOPER_DIR; };
		6003F5B7195388D20070C39A /* Tests-Info.plist */ = {isa = PBXFileReference; lastKnownFileType = text.plist.xml; path = "Tests-Info.plist"; sourceTree = "<group>"; };
		6003F5B9195388D20070C39A /* en */ = {isa = PBXFileReference; lastKnownFileType = text.plist.strings; name = en; path = en.lproj/InfoPlist.strings; sourceTree = "<group>"; };
		6003F5BB195388D20070C39A /* Tests.m */ = {isa = PBXFileReference; lastKnownFileType = sourcecode.c.objc; path = Tests.m; sourceTree = "<group>"; };
		606FC2411953D9B200FFA9A0 /* Tests-Prefix.pch */ = {isa = PBXFileReference; lastKnownFileType = sourcecode.c.h; path = "Tests-Prefix.pch"; sourceTree = "<group>"; };
		705E8D6D08A871A736EB75C9 /* README.md */ = {isa = PBXFileReference; includeInIndex = 1; lastKnownFileType = net.daringfireball.markdown; name = README.md; path = ../README.md; sourceTree = "<group>"; };
		714DCD3CA6EEA8A51D8BC96F /* Pods-ZYRouter_Tests.release.xcconfig */ = {isa = PBXFileReference; includeInIndex = 1; lastKnownFileType = text.xcconfig; name = "Pods-ZYRouter_Tests.release.xcconfig"; path = "Target Support Files/Pods-ZYRouter_Tests/Pods-ZYRouter_Tests.release.xcconfig"; sourceTree = "<group>"; };
		71719F9E1E33DC2100824A3D /* Base */ = {isa = PBXFileReference; lastKnownFileType = file.storyboard; name = Base; path = Base.lproj/LaunchScreen.storyboard; sourceTree = "<group>"; };
		873B8AEA1B1F5CCA007FD442 /* Main.storyboard */ = {isa = PBXFileReference; fileEncoding = 4; lastKnownFileType = file.storyboard; name = Main.storyboard; path = Base.lproj/Main.storyboard; sourceTree = "<group>"; };
		AB559EB67EBD6E844E73480B /* LICENSE */ = {isa = PBXFileReference; includeInIndex = 1; lastKnownFileType = text; name = LICENSE; path = ../LICENSE; sourceTree = "<group>"; };
		CA1D456739C6605231D47028 /* Pods-ZYRouter_Example.release.xcconfig */ = {isa = PBXFileReference; includeInIndex = 1; lastKnownFileType = text.xcconfig; name = "Pods-ZYRouter_Example.release.xcconfig"; path = "Target Support Files/Pods-ZYRouter_Example/Pods-ZYRouter_Example.release.xcconfig"; sourceTree = "<group>"; };
		D069B3D0B3C65D113ECBF34D /* Pods_ZYRouter_Example.framework */ = {isa = PBXFileReference; explicitFileType = wrapper.framework; includeInIndex = 0; path = Pods_ZYRouter_Example.framework; sourceTree = BUILT_PRODUCTS_DIR; };
/* End PBXFileReference section */

/* Begin PBXFrameworksBuildPhase section */
		6003F587195388D20070C39A /* Frameworks */ = {
			isa = PBXFrameworksBuildPhase;
			buildActionMask = 2147483647;
			files = (
				6003F590195388D20070C39A /* CoreGraphics.framework in Frameworks */,
				6003F592195388D20070C39A /* UIKit.framework in Frameworks */,
				6003F58E195388D20070C39A /* Foundation.framework in Frameworks */,
				021402ABB4D6B070D11FFB75 /* Pods_ZYRouter_Example.framework in Frameworks */,
			);
			runOnlyForDeploymentPostprocessing = 0;
		};
		6003F5AB195388D20070C39A /* Frameworks */ = {
			isa = PBXFrameworksBuildPhase;
			buildActionMask = 2147483647;
			files = (
				6003F5B0195388D20070C39A /* XCTest.framework in Frameworks */,
				6003F5B2195388D20070C39A /* UIKit.framework in Frameworks */,
				6003F5B1195388D20070C39A /* Foundation.framework in Frameworks */,
				60B427F939AD80AD738EC396 /* Pods_ZYRouter_Tests.framework in Frameworks */,
			);
			runOnlyForDeploymentPostprocessing = 0;
		};
/* End PBXFrameworksBuildPhase section */

/* Begin PBXGroup section */
		18012B0D2DF02F85001FCED6 /* Other */ = {
			isa = PBXGroup;
			children = (
				18012B0E2DF02F97001FCED6 /* InterceptorNavigationController.h */,
				18012B0F2DF02F97001FCED6 /* InterceptorNavigationController.m */,
				18012B102DF02F97001FCED6 /* InterceptorManageViewController.h */,
				18012B112DF02F97001FCED6 /* InterceptorManageViewController.m */,
				18012B122DF02F97001FCED6 /* HomeViewController.h */,
				18012B132DF02F97001FCED6 /* HomeViewController.m */,
				18012B142DF02F97001FCED6 /* NearbyViewController.h */,
				18012B152DF02F97001FCED6 /* NearbyViewController.m */,
				18012B162DF02F97001FCED6 /* OrdersViewController.h */,
				18012B172DF02F97001FCED6 /* OrdersViewController.m */,
				18012B182DF02F97001FCED6 /* DiscoveryViewController.h */,
				18012B192DF02F97001FCED6 /* DiscoveryViewController.m */,
				18012B1A2DF02F97001FCED6 /* MineViewController.h */,
				18012B1B2DF02F97001FCED6 /* MineViewController.m */,
				18012B1C2DF02F97001FCED6 /* ProductListAViewController.h */,
				18012B1D2DF02F97001FCED6 /* ProductListAViewController.m */,
				18012B1E2DF02F97001FCED6 /* ProductListBViewController.h */,
				18012B1F2DF02F97001FCED6 /* ProductListBViewController.m */,
				18012B202DF02F97001FCED6 /* DetailViewController.h */,
				18012B212DF02F97001FCED6 /* DetailViewController.m */,
				18012B222DF02F97001FCED6 /* BuyViewController.h */,
				18012B232DF02F97001FCED6 /* BuyViewController.m */,
				18012B252DF02F97001FCED6 /* TableViewCell.h */,
				18012B262DF02F97001FCED6 /* TableViewCell.m */,
			);
			path = Other;
			sourceTree = "<group>";
		};
		18012B332DF02FC2001FCED6 /* Base */ = {
			isa = PBXGroup;
			children = (
				18012B342DF02FCC001FCED6 /* NavigationController.h */,
				18012B352DF02FCC001FCED6 /* NavigationController.m */,
				18012B362DF02FCC001FCED6 /* TabBarController.h */,
				18012B372DF02FCC001FCED6 /* TabBarController.m */,
				18012B382DF02FCC001FCED6 /* BaseViewController.h */,
				18012B392DF02FCC001FCED6 /* BaseViewController.m */,
			);
			path = Base;
			sourceTree = "<group>";
		};
		18012B3D2DF02FE6001FCED6 /* Scene-NotFound */ = {
			isa = PBXGroup;
			children = (
				18012B3E2DF03002001FCED6 /* Page404ViewController.h */,
				18012B3F2DF03002001FCED6 /* Page404ViewController.m */,
			);
			path = "Scene-NotFound";
			sourceTree = "<group>";
		};
		18012B412DF03008001FCED6 /* Scene-Interceptor */ = {
			isa = PBXGroup;
			children = (
				18012B422DF03049001FCED6 /* InterceptorA.h */,
				18012B432DF03049001FCED6 /* InterceptorA.m */,
				18012B442DF03049001FCED6 /* InterceptorAViewController.h */,
				18012B452DF03049001FCED6 /* InterceptorAViewController.m */,
				18012B462DF03049001FCED6 /* InterceptorB.h */,
				18012B472DF03049001FCED6 /* InterceptorB.m */,
				18012B482DF03049001FCED6 /* InterceptorBViewController.h */,
				18012B492DF03049001FCED6 /* InterceptorBViewController.m */,
				18012B4A2DF03049001FCED6 /* InterceptorC.h */,
				18012B4B2DF03049001FCED6 /* InterceptorC.m */,
				18012B4C2DF03049001FCED6 /* InterceptorC2ViewController.h */,
				18012B4D2DF03049001FCED6 /* InterceptorC2ViewController.m */,
				18012B4E2DF03049001FCED6 /* InterceptorCViewController.h */,
				18012B4F2DF03049001FCED6 /* InterceptorCViewController.m */,
				18012B502DF03049001FCED6 /* User.h */,
				18012B512DF03049001FCED6 /* User.m */,
				18012B522DF03049001FCED6 /* LoginInterceptor.h */,
				18012B532DF03049001FCED6 /* LoginInterceptor.m */,
				18012B542DF03049001FCED6 /* LoginViewController.h */,
				18012B552DF03049001FCED6 /* LoginViewController.m */,
			);
			path = "Scene-Interceptor";
			sourceTree = "<group>";
		};
		18012B602DF03059001FCED6 /* Scene-PushPresent */ = {
			isa = PBXGroup;
			children = (
				18012B612DF03068001FCED6 /* PresentViewController.h */,
				18012B622DF03068001FCED6 /* PresentViewController.m */,
				18012B632DF03068001FCED6 /* PushViewController.h */,
				18012B642DF03068001FCED6 /* PushViewController.m */,
			);
			path = "Scene-PushPresent";
			sourceTree = "<group>";
		};
		18012B672DF03072001FCED6 /* CustomTask */ = {
			isa = PBXGroup;
			children = (
				18012B682DF0307D001FCED6 /* TabBarControllerTask.h */,
				18012B692DF0307D001FCED6 /* TabBarControllerTask.m */,
			);
			path = CustomTask;
			sourceTree = "<group>";
		};
		6003F581195388D10070C39A = {
			isa = PBXGroup;
			children = (
				60FF7A9C1954A5C5007DD14C /* Podspec Metadata */,
				6003F593195388D20070C39A /* Example for ZYRouter */,
				6003F5B5195388D20070C39A /* Tests */,
				6003F58C195388D20070C39A /* Frameworks */,
				6003F58B195388D20070C39A /* Products */,
				71940328A49E35639E1A70C3 /* Pods */,
			);
			sourceTree = "<group>";
		};
		6003F58B195388D20070C39A /* Products */ = {
			isa = PBXGroup;
			children = (
				6003F58A195388D20070C39A /* ZYRouter_Example.app */,
				6003F5AE195388D20070C39A /* ZYRouter_Tests.xctest */,
			);
			name = Products;
			sourceTree = "<group>";
		};
		6003F58C195388D20070C39A /* Frameworks */ = {
			isa = PBXGroup;
			children = (
				6003F58D195388D20070C39A /* Foundation.framework */,
				6003F58F195388D20070C39A /* CoreGraphics.framework */,
				6003F591195388D20070C39A /* UIKit.framework */,
				6003F5AF195388D20070C39A /* XCTest.framework */,
				D069B3D0B3C65D113ECBF34D /* Pods_ZYRouter_Example.framework */,
				04BE5F10AB5B80E7EE846A7E /* Pods_ZYRouter_Tests.framework */,
			);
			name = Frameworks;
			sourceTree = "<group>";
		};
		6003F593195388D20070C39A /* Example for ZYRouter */ = {
			isa = PBXGroup;
			children = (
				18012B672DF03072001FCED6 /* CustomTask */,
				18012B602DF03059001FCED6 /* Scene-PushPresent */,
				18012B412DF03008001FCED6 /* Scene-Interceptor */,
				18012B3D2DF02FE6001FCED6 /* Scene-NotFound */,
				18012B332DF02FC2001FCED6 /* Base */,
				18012B0D2DF02F85001FCED6 /* Other */,
				18012B0A2DF02B07001FCED6 /* Router.json */,
				6003F59C195388D20070C39A /* ZYAppDelegate.h */,
				6003F59D195388D20070C39A /* ZYAppDelegate.m */,
				873B8AEA1B1F5CCA007FD442 /* Main.storyboard */,
				6003F5A5195388D20070C39A /* ZYViewController.h */,
				6003F5A6195388D20070C39A /* ZYViewController.m */,
				71719F9D1E33DC2100824A3D /* LaunchScreen.storyboard */,
				6003F5A8195388D20070C39A /* Images.xcassets */,
				6003F594195388D20070C39A /* Supporting Files */,
			);
			name = "Example for ZYRouter";
			path = ZYRouter;
			sourceTree = "<group>";
		};
		6003F594195388D20070C39A /* Supporting Files */ = {
			isa = PBXGroup;
			children = (
				6003F595195388D20070C39A /* ZYRouter-Info.plist */,
				6003F596195388D20070C39A /* InfoPlist.strings */,
				6003F599195388D20070C39A /* main.m */,
				6003F59B195388D20070C39A /* ZYRouter-Prefix.pch */,
			);
			name = "Supporting Files";
			sourceTree = "<group>";
		};
		6003F5B5195388D20070C39A /* Tests */ = {
			isa = PBXGroup;
			children = (
				6003F5BB195388D20070C39A /* Tests.m */,
				6003F5B6195388D20070C39A /* Supporting Files */,
			);
			path = Tests;
			sourceTree = "<group>";
		};
		6003F5B6195388D20070C39A /* Supporting Files */ = {
			isa = PBXGroup;
			children = (
				6003F5B7195388D20070C39A /* Tests-Info.plist */,
				6003F5B8195388D20070C39A /* InfoPlist.strings */,
				606FC2411953D9B200FFA9A0 /* Tests-Prefix.pch */,
			);
			name = "Supporting Files";
			sourceTree = "<group>";
		};
		60FF7A9C1954A5C5007DD14C /* Podspec Metadata */ = {
			isa = PBXGroup;
			children = (
				1B45D90058270FBAB0DB4306 /* ZYRouter.podspec */,
				705E8D6D08A871A736EB75C9 /* README.md */,
				AB559EB67EBD6E844E73480B /* LICENSE */,
			);
			name = "Podspec Metadata";
			sourceTree = "<group>";
		};
		71940328A49E35639E1A70C3 /* Pods */ = {
			isa = PBXGroup;
			children = (
				5F705D3C2CE8853D591D205B /* Pods-ZYRouter_Example.debug.xcconfig */,
				CA1D456739C6605231D47028 /* Pods-ZYRouter_Example.release.xcconfig */,
				0994735E6A4B784A0189042A /* Pods-ZYRouter_Tests.debug.xcconfig */,
				714DCD3CA6EEA8A51D8BC96F /* Pods-ZYRouter_Tests.release.xcconfig */,
			);
			path = Pods;
			sourceTree = "<group>";
		};
/* End PBXGroup section */

/* Begin PBXNativeTarget section */
		6003F589195388D20070C39A /* ZYRouter_Example */ = {
			isa = PBXNativeTarget;
			buildConfigurationList = 6003F5BF195388D20070C39A /* Build configuration list for PBXNativeTarget "ZYRouter_Example" */;
			buildPhases = (
				5A7FC66F6B58C3C16A54A486 /* [CP] Check Pods Manifest.lock */,
				6003F586195388D20070C39A /* Sources */,
				6003F587195388D20070C39A /* Frameworks */,
				6003F588195388D20070C39A /* Resources */,
				0A30350773233A85DE11E308 /* [CP] Embed Pods Frameworks */,
			);
			buildRules = (
			);
			dependencies = (
			);
			name = ZYRouter_Example;
			productName = ZYRouter;
			productReference = 6003F58A195388D20070C39A /* ZYRouter_Example.app */;
			productType = "com.apple.product-type.application";
		};
		6003F5AD195388D20070C39A /* ZYRouter_Tests */ = {
			isa = PBXNativeTarget;
			buildConfigurationList = 6003F5C2195388D20070C39A /* Build configuration list for PBXNativeTarget "ZYRouter_Tests" */;
			buildPhases = (
				BD11C0570CD40CFB78228E4B /* [CP] Check Pods Manifest.lock */,
				6003F5AA195388D20070C39A /* Sources */,
				6003F5AB195388D20070C39A /* Frameworks */,
				6003F5AC195388D20070C39A /* Resources */,
			);
			buildRules = (
			);
			dependencies = (
				6003F5B4195388D20070C39A /* PBXTargetDependency */,
			);
			name = ZYRouter_Tests;
			productName = ZYRouterTests;
			productReference = 6003F5AE195388D20070C39A /* ZYRouter_Tests.xctest */;
			productType = "com.apple.product-type.bundle.unit-test";
		};
/* End PBXNativeTarget section */

/* Begin PBXProject section */
		6003F582195388D10070C39A /* Project object */ = {
			isa = PBXProject;
			attributes = {
				CLASSPREFIX = ZY;
				LastUpgradeCheck = 0720;
				ORGANIZATIONNAME = "周阳";
				TargetAttributes = {
					6003F5AD195388D20070C39A = {
						TestTargetID = 6003F589195388D20070C39A;
					};
				};
			};
			buildConfigurationList = 6003F585195388D10070C39A /* Build configuration list for PBXProject "ZYRouter" */;
			compatibilityVersion = "Xcode 3.2";
			developmentRegion = English;
			hasScannedForEncodings = 0;
			knownRegions = (
				English,
				en,
				Base,
			);
			mainGroup = 6003F581195388D10070C39A;
			productRefGroup = 6003F58B195388D20070C39A /* Products */;
			projectDirPath = "";
			projectRoot = "";
			targets = (
				6003F589195388D20070C39A /* ZYRouter_Example */,
				6003F5AD195388D20070C39A /* ZYRouter_Tests */,
			);
		};
/* End PBXProject section */

/* Begin PBXResourcesBuildPhase section */
		6003F588195388D20070C39A /* Resources */ = {
			isa = PBXResourcesBuildPhase;
			buildActionMask = 2147483647;
			files = (
				873B8AEB1B1F5CCA007FD442 /* Main.storyboard in Resources */,
				71719F9F1E33DC2100824A3D /* LaunchScreen.storyboard in Resources */,
				6003F5A9195388D20070C39A /* Images.xcassets in Resources */,
				18012B0B2DF02B07001FCED6 /* Router.json in Resources */,
				6003F598195388D20070C39A /* InfoPlist.strings in Resources */,
			);
			runOnlyForDeploymentPostprocessing = 0;
		};
		6003F5AC195388D20070C39A /* Resources */ = {
			isa = PBXResourcesBuildPhase;
			buildActionMask = 2147483647;
			files = (
				6003F5BA195388D20070C39A /* InfoPlist.strings in Resources */,
			);
			runOnlyForDeploymentPostprocessing = 0;
		};
/* End PBXResourcesBuildPhase section */

/* Begin PBXShellScriptBuildPhase section */
		0A30350773233A85DE11E308 /* [CP] Embed Pods Frameworks */ = {
			isa = PBXShellScriptBuildPhase;
			buildActionMask = 2147483647;
			files = (
			);
			inputPaths = (
				"${PODS_ROOT}/Target Support Files/Pods-ZYRouter_Example/Pods-ZYRouter_Example-frameworks.sh",
				"${BUILT_PRODUCTS_DIR}/ZYRouter/ZYRouter.framework",
			);
			name = "[CP] Embed Pods Frameworks";
			outputPaths = (
				"${TARGET_BUILD_DIR}/${FRAMEWORKS_FOLDER_PATH}/ZYRouter.framework",
			);
			runOnlyForDeploymentPostprocessing = 0;
			shellPath = /bin/sh;
			shellScript = "\"${PODS_ROOT}/Target Support Files/Pods-ZYRouter_Example/Pods-ZYRouter_Example-frameworks.sh\"\n";
			showEnvVarsInLog = 0;
		};
		5A7FC66F6B58C3C16A54A486 /* [CP] Check Pods Manifest.lock */ = {
			isa = PBXShellScriptBuildPhase;
			buildActionMask = 2147483647;
			files = (
			);
			inputFileListPaths = (
			);
			inputPaths = (
				"${PODS_PODFILE_DIR_PATH}/Podfile.lock",
				"${PODS_ROOT}/Manifest.lock",
			);
			name = "[CP] Check Pods Manifest.lock";
			outputFileListPaths = (
			);
			outputPaths = (
				"$(DERIVED_FILE_DIR)/Pods-ZYRouter_Example-checkManifestLockResult.txt",
			);
			runOnlyForDeploymentPostprocessing = 0;
			shellPath = /bin/sh;
			shellScript = "diff \"${PODS_PODFILE_DIR_PATH}/Podfile.lock\" \"${PODS_ROOT}/Manifest.lock\" > /dev/null\nif [ $? != 0 ] ; then\n    # print error to STDERR\n    echo \"error: The sandbox is not in sync with the Podfile.lock. Run 'pod install' or update your CocoaPods installation.\" >&2\n    exit 1\nfi\n# This output is used by Xcode 'outputs' to avoid re-running this script phase.\necho \"SUCCESS\" > \"${SCRIPT_OUTPUT_FILE_0}\"\n";
			showEnvVarsInLog = 0;
		};
		BD11C0570CD40CFB78228E4B /* [CP] Check Pods Manifest.lock */ = {
			isa = PBXShellScriptBuildPhase;
			buildActionMask = 2147483647;
			files = (
			);
			inputFileListPaths = (
			);
			inputPaths = (
				"${PODS_PODFILE_DIR_PATH}/Podfile.lock",
				"${PODS_ROOT}/Manifest.lock",
			);
			name = "[CP] Check Pods Manifest.lock";
			outputFileListPaths = (
			);
			outputPaths = (
				"$(DERIVED_FILE_DIR)/Pods-ZYRouter_Tests-checkManifestLockResult.txt",
			);
			runOnlyForDeploymentPostprocessing = 0;
			shellPath = /bin/sh;
			shellScript = "diff \"${PODS_PODFILE_DIR_PATH}/Podfile.lock\" \"${PODS_ROOT}/Manifest.lock\" > /dev/null\nif [ $? != 0 ] ; then\n    # print error to STDERR\n    echo \"error: The sandbox is not in sync with the Podfile.lock. Run 'pod install' or update your CocoaPods installation.\" >&2\n    exit 1\nfi\n# This output is used by Xcode 'outputs' to avoid re-running this script phase.\necho \"SUCCESS\" > \"${SCRIPT_OUTPUT_FILE_0}\"\n";
			showEnvVarsInLog = 0;
		};
/* End PBXShellScriptBuildPhase section */

/* Begin PBXSourcesBuildPhase section */
		6003F586195388D20070C39A /* Sources */ = {
			isa = PBXSourcesBuildPhase;
			buildActionMask = 2147483647;
			files = (
				6003F59E195388D20070C39A /* ZYAppDelegate.m in Sources */,
				18012B272DF02F97001FCED6 /* DiscoveryViewController.m in Sources */,
				18012B282DF02F97001FCED6 /* InterceptorNavigationController.m in Sources */,
				18012B292DF02F97001FCED6 /* DetailViewController.m in Sources */,
				18012B402DF03002001FCED6 /* Page404ViewController.m in Sources */,
				18012B2A2DF02F97001FCED6 /* HomeViewController.m in Sources */,
				18012B652DF03068001FCED6 /* PushViewController.m in Sources */,
				18012B662DF03068001FCED6 /* PresentViewController.m in Sources */,
				18012B2B2DF02F97001FCED6 /* ProductListBViewController.m in Sources */,
				18012B2C2DF02F97001FCED6 /* TableViewCell.m in Sources */,
				18012B2D2DF02F97001FCED6 /* OrdersViewController.m in Sources */,
				18012B2E2DF02F97001FCED6 /* InterceptorManageViewController.m in Sources */,
				18012B2F2DF02F97001FCED6 /* ProductListAViewController.m in Sources */,
				18012B562DF03049001FCED6 /* InterceptorCViewController.m in Sources */,
				18012B572DF03049001FCED6 /* LoginInterceptor.m in Sources */,
				18012B582DF03049001FCED6 /* InterceptorBViewController.m in Sources */,
				18012B592DF03049001FCED6 /* InterceptorA.m in Sources */,
				18012B5A2DF03049001FCED6 /* InterceptorC.m in Sources */,
				18012B5B2DF03049001FCED6 /* InterceptorB.m in Sources */,
				18012B5C2DF03049001FCED6 /* InterceptorC2ViewController.m in Sources */,
				18012B6A2DF0307D001FCED6 /* TabBarControllerTask.m in Sources */,
				18012B5D2DF03049001FCED6 /* User.m in Sources */,
				18012B5E2DF03049001FCED6 /* LoginViewController.m in Sources */,
				18012B5F2DF03049001FCED6 /* InterceptorAViewController.m in Sources */,
				18012B302DF02F97001FCED6 /* NearbyViewController.m in Sources */,
				18012B3A2DF02FCC001FCED6 /* TabBarController.m in Sources */,
				18012B3B2DF02FCC001FCED6 /* NavigationController.m in Sources */,
				18012B3C2DF02FCC001FCED6 /* BaseViewController.m in Sources */,
				18012B312DF02F97001FCED6 /* BuyViewController.m in Sources */,
				18012B322DF02F97001FCED6 /* MineViewController.m in Sources */,
				6003F5A7195388D20070C39A /* ZYViewController.m in Sources */,
				6003F59A195388D20070C39A /* main.m in Sources */,
			);
			runOnlyForDeploymentPostprocessing = 0;
		};
		6003F5AA195388D20070C39A /* Sources */ = {
			isa = PBXSourcesBuildPhase;
			buildActionMask = 2147483647;
			files = (
				6003F5BC195388D20070C39A /* Tests.m in Sources */,
			);
			runOnlyForDeploymentPostprocessing = 0;
		};
/* End PBXSourcesBuildPhase section */

/* Begin PBXTargetDependency section */
		6003F5B4195388D20070C39A /* PBXTargetDependency */ = {
			isa = PBXTargetDependency;
			target = 6003F589195388D20070C39A /* ZYRouter_Example */;
			targetProxy = 6003F5B3195388D20070C39A /* PBXContainerItemProxy */;
		};
/* End PBXTargetDependency section */

/* Begin PBXVariantGroup section */
		6003F596195388D20070C39A /* InfoPlist.strings */ = {
			isa = PBXVariantGroup;
			children = (
				6003F597195388D20070C39A /* en */,
			);
			name = InfoPlist.strings;
			sourceTree = "<group>";
		};
		6003F5B8195388D20070C39A /* InfoPlist.strings */ = {
			isa = PBXVariantGroup;
			children = (
				6003F5B9195388D20070C39A /* en */,
			);
			name = InfoPlist.strings;
			sourceTree = "<group>";
		};
		71719F9D1E33DC2100824A3D /* LaunchScreen.storyboard */ = {
			isa = PBXVariantGroup;
			children = (
				71719F9E1E33DC2100824A3D /* Base */,
			);
			name = LaunchScreen.storyboard;
			sourceTree = "<group>";
		};
/* End PBXVariantGroup section */

/* Begin XCBuildConfiguration section */
		6003F5BD195388D20070C39A /* Debug */ = {
			isa = XCBuildConfiguration;
			buildSettings = {
				ALWAYS_SEARCH_USER_PATHS = NO;
				CLANG_CXX_LANGUAGE_STANDARD = "gnu++0x";
				CLANG_CXX_LIBRARY = "libc++";
				CLANG_ENABLE_MODULES = YES;
				CLANG_ENABLE_OBJC_ARC = YES;
				CLANG_WARN_BOOL_CONVERSION = YES;
				CLANG_WARN_CONSTANT_CONVERSION = YES;
				CLANG_WARN_DIRECT_OBJC_ISA_USAGE = YES_ERROR;
				CLANG_WARN_EMPTY_BODY = YES;
				CLANG_WARN_ENUM_CONVERSION = YES;
				CLANG_WARN_INT_CONVERSION = YES;
				CLANG_WARN_OBJC_ROOT_CLASS = YES_ERROR;
				CLANG_WARN__DUPLICATE_METHOD_MATCH = YES;
				"CODE_SIGN_IDENTITY[sdk=iphoneos*]" = "iPhone Developer";
				COPY_PHASE_STRIP = NO;
				ENABLE_TESTABILITY = YES;
				GCC_C_LANGUAGE_STANDARD = gnu99;
				GCC_DYNAMIC_NO_PIC = NO;
				GCC_OPTIMIZATION_LEVEL = 0;
				GCC_PREPROCESSOR_DEFINITIONS = (
					"DEBUG=1",
					"$(inherited)",
				);
				GCC_SYMBOLS_PRIVATE_EXTERN = NO;
				GCC_WARN_64_TO_32_BIT_CONVERSION = YES;
				GCC_WARN_ABOUT_RETURN_TYPE = YES_ERROR;
				GCC_WARN_UNDECLARED_SELECTOR = YES;
				GCC_WARN_UNINITIALIZED_AUTOS = YES_AGGRESSIVE;
				GCC_WARN_UNUSED_FUNCTION = YES;
				GCC_WARN_UNUSED_VARIABLE = YES;
				IPHONEOS_DEPLOYMENT_TARGET = 9.3;
				ONLY_ACTIVE_ARCH = YES;
				SDKROOT = iphoneos;
				TARGETED_DEVICE_FAMILY = "1,2";
			};
			name = Debug;
		};
		6003F5BE195388D20070C39A /* Release */ = {
			isa = XCBuildConfiguration;
			buildSettings = {
				ALWAYS_SEARCH_USER_PATHS = NO;
				CLANG_CXX_LANGUAGE_STANDARD = "gnu++0x";
				CLANG_CXX_LIBRARY = "libc++";
				CLANG_ENABLE_MODULES = YES;
				CLANG_ENABLE_OBJC_ARC = YES;
				CLANG_WARN_BOOL_CONVERSION = YES;
				CLANG_WARN_CONSTANT_CONVERSION = YES;
				CLANG_WARN_DIRECT_OBJC_ISA_USAGE = YES_ERROR;
				CLANG_WARN_EMPTY_BODY = YES;
				CLANG_WARN_ENUM_CONVERSION = YES;
				CLANG_WARN_INT_CONVERSION = YES;
				CLANG_WARN_OBJC_ROOT_CLASS = YES_ERROR;
				CLANG_WARN__DUPLICATE_METHOD_MATCH = YES;
				"CODE_SIGN_IDENTITY[sdk=iphoneos*]" = "iPhone Developer";
				COPY_PHASE_STRIP = YES;
				ENABLE_NS_ASSERTIONS = NO;
				GCC_C_LANGUAGE_STANDARD = gnu99;
				GCC_WARN_64_TO_32_BIT_CONVERSION = YES;
				GCC_WARN_ABOUT_RETURN_TYPE = YES_ERROR;
				GCC_WARN_UNDECLARED_SELECTOR = YES;
				GCC_WARN_UNINITIALIZED_AUTOS = YES_AGGRESSIVE;
				GCC_WARN_UNUSED_FUNCTION = YES;
				GCC_WARN_UNUSED_VARIABLE = YES;
				IPHONEOS_DEPLOYMENT_TARGET = 9.3;
				SDKROOT = iphoneos;
				TARGETED_DEVICE_FAMILY = "1,2";
				VALIDATE_PRODUCT = YES;
			};
			name = Release;
		};
		6003F5C0195388D20070C39A /* Debug */ = {
			isa = XCBuildConfiguration;
			baseConfigurationReference = 5F705D3C2CE8853D591D205B /* Pods-ZYRouter_Example.debug.xcconfig */;
			buildSettings = {
				ASSETCATALOG_COMPILER_APPICON_NAME = AppIcon;
				GCC_PRECOMPILE_PREFIX_HEADER = YES;
				GCC_PREFIX_HEADER = "ZYRouter/ZYRouter-Prefix.pch";
				INFOPLIST_FILE = "ZYRouter/ZYRouter-Info.plist";
				MODULE_NAME = ExampleApp;
				PRODUCT_BUNDLE_IDENTIFIER = "org.cocoapods.demo.${PRODUCT_NAME:rfc1034identifier}";
				PRODUCT_NAME = "$(TARGET_NAME)";
				SWIFT_VERSION = 4.0;
				WRAPPER_EXTENSION = app;
			};
			name = Debug;
		};
		6003F5C1195388D20070C39A /* Release */ = {
			isa = XCBuildConfiguration;
			baseConfigurationReference = CA1D456739C6605231D47028 /* Pods-ZYRouter_Example.release.xcconfig */;
			buildSettings = {
				ASSETCATALOG_COMPILER_APPICON_NAME = AppIcon;
				GCC_PRECOMPILE_PREFIX_HEADER = YES;
				GCC_PREFIX_HEADER = "ZYRouter/ZYRouter-Prefix.pch";
				INFOPLIST_FILE = "ZYRouter/ZYRouter-Info.plist";
				MODULE_NAME = ExampleApp;
				PRODUCT_BUNDLE_IDENTIFIER = "org.cocoapods.demo.${PRODUCT_NAME:rfc1034identifier}";
				PRODUCT_NAME = "$(TARGET_NAME)";
				SWIFT_VERSION = 4.0;
				WRAPPER_EXTENSION = app;
			};
			name = Release;
		};
		6003F5C3195388D20070C39A /* Debug */ = {
			isa = XCBuildConfiguration;
			baseConfigurationReference = 0994735E6A4B784A0189042A /* Pods-ZYRouter_Tests.debug.xcconfig */;
			buildSettings = {
				BUNDLE_LOADER = "$(TEST_HOST)";
				FRAMEWORK_SEARCH_PATHS = (
					"$(PLATFORM_DIR)/Developer/Library/Frameworks",
					"$(inherited)",
					"$(DEVELOPER_FRAMEWORKS_DIR)",
				);
				GCC_PRECOMPILE_PREFIX_HEADER = YES;
				GCC_PREFIX_HEADER = "Tests/Tests-Prefix.pch";
				GCC_PREPROCESSOR_DEFINITIONS = (
					"DEBUG=1",
					"$(inherited)",
				);
				INFOPLIST_FILE = "Tests/Tests-Info.plist";
				PRODUCT_BUNDLE_IDENTIFIER = "org.cocoapods.demo.${PRODUCT_NAME:rfc1034identifier}";
				PRODUCT_NAME = "$(TARGET_NAME)";
				SWIFT_VERSION = 4.0;
				TEST_HOST = "$(BUILT_PRODUCTS_DIR)/ZYRouter_Example.app/ZYRouter_Example";
				WRAPPER_EXTENSION = xctest;
			};
			name = Debug;
		};
		6003F5C4195388D20070C39A /* Release */ = {
			isa = XCBuildConfiguration;
			baseConfigurationReference = 714DCD3CA6EEA8A51D8BC96F /* Pods-ZYRouter_Tests.release.xcconfig */;
			buildSettings = {
				BUNDLE_LOADER = "$(TEST_HOST)";
				FRAMEWORK_SEARCH_PATHS = (
					"$(PLATFORM_DIR)/Developer/Library/Frameworks",
					"$(inherited)",
					"$(DEVELOPER_FRAMEWORKS_DIR)",
				);
				GCC_PRECOMPILE_PREFIX_HEADER = YES;
				GCC_PREFIX_HEADER = "Tests/Tests-Prefix.pch";
				INFOPLIST_FILE = "Tests/Tests-Info.plist";
				PRODUCT_BUNDLE_IDENTIFIER = "org.cocoapods.demo.${PRODUCT_NAME:rfc1034identifier}";
				PRODUCT_NAME = "$(TARGET_NAME)";
				SWIFT_VERSION = 4.0;
				TEST_HOST = "$(BUILT_PRODUCTS_DIR)/ZYRouter_Example.app/ZYRouter_Example";
				WRAPPER_EXTENSION = xctest;
			};
			name = Release;
		};
/* End XCBuildConfiguration section */

/* Begin XCConfigurationList section */
		6003F585195388D10070C39A /* Build configuration list for PBXProject "ZYRouter" */ = {
			isa = XCConfigurationList;
			buildConfigurations = (
				6003F5BD195388D20070C39A /* Debug */,
				6003F5BE195388D20070C39A /* Release */,
			);
			defaultConfigurationIsVisible = 0;
			defaultConfigurationName = Release;
		};
		6003F5BF195388D20070C39A /* Build configuration list for PBXNativeTarget "ZYRouter_Example" */ = {
			isa = XCConfigurationList;
			buildConfigurations = (
				6003F5C0195388D20070C39A /* Debug */,
				6003F5C1195388D20070C39A /* Release */,
			);
			defaultConfigurationIsVisible = 0;
			defaultConfigurationName = Release;
		};
		6003F5C2195388D20070C39A /* Build configuration list for PBXNativeTarget "ZYRouter_Tests" */ = {
			isa = XCConfigurationList;
			buildConfigurations = (
				6003F5C3195388D20070C39A /* Debug */,
				6003F5C4195388D20070C39A /* Release */,
			);
			defaultConfigurationIsVisible = 0;
			defaultConfigurationName = Release;
		};
/* End XCConfigurationList section */
	};
	rootObject = 6003F582195388D10070C39A /* Project object */;
}
